{
  "nodes": {
    "nixpkgs": {
      "locked": {
        "lastModified": 1614930800,
        "narHash": "sha256-qnLi8glEy0Yyfwrbsw7kn1G6nDuVRTeLolbwxqpDt08=",
        "owner": "NixOS",
        "repo": "nixpkgs",
        "rev": "f5f6dc053b1a0eca03c853dad710f3de070df24e",
        "type": "github"
      },
      "original": {
        "owner": "NixOS",
        "ref": "nixpkgs-unstable",
        "repo": "nixpkgs",
        "type": "github"
      }
    },
    "root": {
      "inputs": {
        "nixpkgs": "nixpkgs"
      }
    }
  },
  "root": "root",
  "version": 7
}
