{
  "nodes": {
    "nixpkgs": {
      "locked": {
        "lastModified": 1604987532,
        "narHash": "sha256-O3afggEbKLxnHbNmZq6Mno8dbtNrPk5D2RN3x5HoH5U=",
        "owner": "NixOS",
        "repo": "nixpkgs",
        "rev": "dd1b7e377f6d77ddee4ab84be11173d3566d6a18",
        "type": "github"
      },
      "original": {
        "owner": "NixOS",
        "ref": "nixpkgs-unstable",
        "repo": "nixpkgs",
        "type": "github"
      }
    },
    "root": {
      "inputs": {
        "nixpkgs": "nixpkgs"
      }
    }
  },
  "root": "root",
  "version": 7
}
